
Microsoft Visual Studio Solution File, Format Version 12.00
# Visual Studio Version 17
VisualStudioVersion = 17.0.31912.275
MinimumVisualStudioVersion = 10.0.40219.1
Project("{9A19103F-16F7-4668-BE54-9A1E7A4F7556}") = "PokeApiNet", "PokeApiNet\PokeApiNet.csproj", "{5C6D2C6D-0A64-42DF-A118-F34425857413}"
EndProject
Project("{9A19103F-16F7-4668-BE54-9A1E7A4F7556}") = "PokeApiNet.Tests", "PokeApiNet.Tests\PokeApiNet.Tests.csproj", "{FCBBBAF5-6BF4-41C8-B3F8-E03A97CF6F54}"
	ProjectSection(ProjectDependencies) = postProject
		{5C6D2C6D-0A64-42DF-A118-F34425857413} = {5C6D2C6D-0A64-42DF-A118-F34425857413}
	EndProjectSection
EndProject
Project("{2150E333-8FDC-42A3-9474-1A3956D46DE8}") = "Solution Items", "Solution Items", "{32DCA351-B9ED-4856-8468-CBF1C12BFBC8}"
	ProjectSection(SolutionItems) = preProject
		CHANGELOG.md = CHANGELOG.md
		LICENSE.md = LICENSE.md
		README.md = README.md
	EndProjectSection
EndProject
Global
	GlobalSection(SolutionConfigurationPlatforms) = preSolution
		Debug|Any CPU = Debug|Any CPU
		Release|Any CPU = Release|Any CPU
	EndGlobalSection
	GlobalSection(ProjectConfigurationPlatforms) = postSolution
		{5C6D2C6D-0A64-42DF-A118-F34425857413}.Debug|Any CPU.ActiveCfg = Debug|Any CPU
		{5C6D2C6D-0A64-42DF-A118-F34425857413}.Debug|Any CPU.Build.0 = Debug|Any CPU
		{5C6D2C6D-0A64-42DF-A118-F34425857413}.Release|Any CPU.ActiveCfg = Release|Any CPU
		{5C6D2C6D-0A64-42DF-A118-F34425857413}.Release|Any CPU.Build.0 = Release|Any CPU
		{FCBBBAF5-6BF4-41C8-B3F8-E03A97CF6F54}.Debug|Any CPU.ActiveCfg = Debug|Any CPU
		{FCBBBAF5-6BF4-41C8-B3F8-E03A97CF6F54}.Debug|Any CPU.Build.0 = Debug|Any CPU
		{FCBBBAF5-6BF4-41C8-B3F8-E03A97CF6F54}.Release|Any CPU.ActiveCfg = Release|Any CPU
		{FCBBBAF5-6BF4-41C8-B3F8-E03A97CF6F54}.Release|Any CPU.Build.0 = Release|Any CPU
	EndGlobalSection
	GlobalSection(SolutionProperties) = preSolution
		HideSolutionNode = FALSE
	EndGlobalSection
	GlobalSection(ExtensibilityGlobals) = postSolution
		SolutionGuid = {D37485B6-27B0-4595-98F5-D16759CC653F}
	EndGlobalSection
EndGlobal
